program=process-information-mee-submission-assets-v1
scope_revision=empirical-v2-v5-disclosure
review_bundle_includes=PROCESS_INFORMATION_EMPIRICAL_ATTEMPTS_SI_V1.md
primary_result=unchanged_prospective_known_truth_M5
source_verbatim_v5_receipts=4
source_archive_ref=archive/sdmr-fresh-v5-sealed-postterminal
model_pool_failure_breakdown=32_hgb_10_logistic_16_of_60_stable
reviewer_bundle_anonymization=strip_executable_provenance
