# This file was autogenerated by uv via the following command:
#    uv pip compile --python-version 3.12 --generate-hashes --output-file configs/product_a_v2_8_4_geo_requirements.lock configs/product_a_v2_8_4_geo_requirements.in
affine==3.0.1 \
    --hash=sha256:cda3b303325e7bf2bf34817e68753a0d1c4cacbdd451fe67c4878dc2ecbaa540 \
    --hash=sha256:e1b3c38c5d4d3ef5024a182a6d1bf1e0c51ab221825781c741aeb4d0c079a7e2
    # via rasterio
attrs==26.1.0 \
    --hash=sha256:c647aa4a12dfbad9333ca4e71fe62ddc36f4e63b2d260a37a8b83d2f043ac309 \
    --hash=sha256:d03ceb89cb322a8fd706d4fb91940737b6642aa36998fe130a9bc96c985eff32
    # via
    #   affine
    #   rasterio
certifi==2026.7.22 \
    --hash=sha256:62f22742b58a1a33014a2b6b706588a8d7e2a88ae7bd1a6ebe8c992928483775 \
    --hash=sha256:741e2c3b351ddf169a738da9f2c048608ff7f2c5cc02f1ebc6b118bb090d5d55
    # via rasterio
click==8.5.0 \
    --hash=sha256:255bc9599cf7748b4b1a446ccc735421bd08a2ae529a8b88597d3de5664ee360 \
    --hash=sha256:ba0d2089de75ea0310e2dde03160e6ca10009947fb95a182f9b54021bb272e34
    # via rasterio
colorama==0.4.6 \
    --hash=sha256:08695f5cb7ed6e0531a20572697297273c47b8cae5a63ffc6d6ed5c201be6e44 \
    --hash=sha256:4f1d9991f5acc0ca119f9d443620b77f9d6b33703e51011c16baf57afb285fc6
    # via pytest
iniconfig==2.3.0 \
    --hash=sha256:c76315c77db068650d49c5b56314774a7804df16fee4402c1f19d6d15d8c4730 \
    --hash=sha256:f631c04d2c48c52b84d0d0549c99ff3859c98df65b3101406327ecc7d53fbf12
    # via pytest
joblib==1.5.3 \
    --hash=sha256:5fc3c5039fc5ca8c0276333a188bbd59d6b7ab37fe6632daa76bc7f9ec18e713 \
    --hash=sha256:8561a3269e6801106863fd0d6d84bb737be9e7631e33aaed3fb9ce5953688da3
    # via scikit-learn
numpy==2.3.5 \
    --hash=sha256:00dc4e846108a382c5869e77c6ed514394bdeb3403461d25a829711041217d5b \
    --hash=sha256:0472f11f6ec23a74a906a00b48a4dcf3849209696dff7c189714511268d103ae \
    --hash=sha256:04822c00b5fd0323c8166d66c701dc31b7fbd252c100acd708c48f763968d6a3 \
    --hash=sha256:052e8c42e0c49d2575621c158934920524f6c5da05a1d3b9bab5d8e259e045f0 \
    --hash=sha256:09a1bea522b25109bf8e6f3027bd810f7c1085c64a0c7ce050c1676ad0ba010b \
    --hash=sha256:0cd00b7b36e35398fa2d16af7b907b65304ef8bb4817a550e06e5012929830fa \
    --hash=sha256:0d8163f43acde9a73c2a33605353a4f1bc4798745a8b1d73183b28e5b435ae28 \
    --hash=sha256:1062fde1dcf469571705945b0f221b73928f34a20c904ffb45db101907c3454e \
    --hash=sha256:11e06aa0af8c0f05104d56450d6093ee639e15f24ecf62d417329d06e522e017 \
    --hash=sha256:17531366a2e3a9e30762c000f2c43a9aaa05728712e25c11ce1dbe700c53ad41 \
    --hash=sha256:1978155dd49972084bd6ef388d66ab70f0c323ddee6f693d539376498720fb7e \
    --hash=sha256:1ed1ec893cff7040a02c8aa1c8611b94d395590d553f6b53629a4461dc7f7b63 \
    --hash=sha256:2dcd0808a421a482a080f89859a18beb0b3d1e905b81e617a188bd80422d62e9 \
    --hash=sha256:2e2eb32ddb9ccb817d620ac1d8dae7c3f641c1e5f55f531a33e8ab97960a75b8 \
    --hash=sha256:2feae0d2c91d46e59fcd62784a3a83b3fb677fead592ce51b5a6fbb4f95965ff \
    --hash=sha256:3095bdb8dd297e5920b010e96134ed91d852d81d490e787beca7e35ae1d89cf7 \
    --hash=sha256:30bc11310e8153ca664b14c5f1b73e94bd0503681fcf136a163de856f3a50139 \
    --hash=sha256:3101e5177d114a593d79dd79658650fe28b5a0d8abeb8ce6f437c0e6df5be1a4 \
    --hash=sha256:396084a36abdb603546b119d96528c2f6263921c50df3c8fd7cb28873a237748 \
    --hash=sha256:3997b5b3c9a771e157f9aae01dd579ee35ad7109be18db0e85dbdbe1de06e952 \
    --hash=sha256:414802f3b97f3c1eef41e530aaba3b3c1620649871d8cb38c6eaff034c2e16bd \
    --hash=sha256:51c1e14eb1e154ebd80e860722f9e6ed6ec89714ad2db2d3aa33c31d7c12179b \
    --hash=sha256:51c55fe3451421f3a6ef9a9c1439e82101c57a2c9eab9feb196a62b1a10b58ce \
    --hash=sha256:5ee6609ac3604fa7780e30a03e5e241a7956f8e2fcfe547d51e3afa5247ac47f \
    --hash=sha256:612a95a17655e213502f60cfb9bf9408efdc9eb1d5f50535cc6eb365d11b42b5 \
    --hash=sha256:6203fdf9f3dc5bdaed7319ad8698e685c7a3be10819f41d32a0723e611733b42 \
    --hash=sha256:63c0e9e7eea69588479ebf4a8a270d5ac22763cc5854e9a7eae952a3908103f7 \
    --hash=sha256:66f85ce62c70b843bab1fb14a05d5737741e74e28c7b8b5a064de10142fad248 \
    --hash=sha256:6cf9b429b21df6b99f4dee7a1218b8b7ffbbe7df8764dc0bd60ce8a0708fed1e \
    --hash=sha256:70b37199913c1bd300ff6e2693316c6f869c7ee16378faf10e4f5e3275b299c3 \
    --hash=sha256:727fd05b57df37dc0bcf1a27767a3d9a78cbbc92822445f32cc3436ba797337b \
    --hash=sha256:74ae7b798248fe62021dbf3c914245ad45d1a6b0cb4a29ecb4b31d0bfbc4cc3e \
    --hash=sha256:784db1dcdab56bf0517743e746dfb0f885fc68d948aba86eeec2cba234bdf1c0 \
    --hash=sha256:86945f2ee6d10cdfd67bcb4069c1662dd711f7e2a4343db5cecec06b87cf31aa \
    --hash=sha256:86d835afea1eaa143012a2d7a3f45a3adce2d7adc8b4961f0b362214d800846a \
    --hash=sha256:872a5cf366aec6bb1147336480fef14c9164b154aeb6542327de4970282cd2f5 \
    --hash=sha256:8b973c57ff8e184109db042c842423ff4f60446239bd585a5131cc47f06f789d \
    --hash=sha256:8cba086a43d54ca804ce711b2a940b16e452807acebe7852ff327f1ecd49b0d4 \
    --hash=sha256:8f7f0e05112916223d3f438f293abf0727e1181b5983f413dfa2fefc4098245c \
    --hash=sha256:900218e456384ea676e24ea6a0417f030a3b07306d29d7ad843957b40a9d8d52 \
    --hash=sha256:93eebbcf1aafdf7e2ddd44c2923e2672e1010bddc014138b229e49725b4d6be5 \
    --hash=sha256:9c75442b2209b8470d6d5d8b1c25714270686f14c749028d2199c54e29f20b4d \
    --hash=sha256:9ee2197ef8c4f0dfe405d835f3b6a14f5fee7782b5de51ba06fb65fc9b36e9f1 \
    --hash=sha256:a414504bef8945eae5f2d7cb7be2d4af77c5d1cb5e20b296c2c25b61dff2900c \
    --hash=sha256:a4b9159734b326535f4dd01d947f919c6eefd2d9827466a696c44ced82dfbc18 \
    --hash=sha256:a80afd79f45f3c4a7d341f13acbe058d1ca8ac017c165d3fa0d3de6bc1a079d7 \
    --hash=sha256:aa5bc7c5d59d831d9773d1170acac7893ce3a5e130540605770ade83280e7188 \
    --hash=sha256:acfd89508504a19ed06ef963ad544ec6664518c863436306153e13e94605c218 \
    --hash=sha256:aeffcab3d4b43712bb7a60b65f6044d444e75e563ff6180af8f98dd4b905dfd2 \
    --hash=sha256:afaffc4393205524af9dfa400fa250143a6c3bc646c08c9f5e25a9f4b4d6a903 \
    --hash=sha256:b0c7088a73aef3d687c4deef8452a3ac7c1be4e29ed8bf3b366c8111128ac60c \
    --hash=sha256:b46b4ec24f7293f23adcd2d146960559aaf8020213de8ad1909dba6c013bf89c \
    --hash=sha256:b501b5fa195cc9e24fe102f21ec0a44dffc231d2af79950b451e0d99cea02234 \
    --hash=sha256:bf06bc2af43fa8d32d30fae16ad965663e966b1a3202ed407b84c989c3221e82 \
    --hash=sha256:c804e3a5aba5460c73955c955bdbd5c08c354954e9270a2c1565f62e866bdc39 \
    --hash=sha256:c8a9958e88b65c3b27e22ca2a076311636850b612d6bbfb76e8d156aacde2aaf \
    --hash=sha256:cc0a57f895b96ec78969c34f682c602bf8da1a0270b09bc65673df2e7638ec20 \
    --hash=sha256:cc8920d2ec5fa99875b670bb86ddeb21e295cb07aa331810d9e486e0b969d946 \
    --hash=sha256:ccc933afd4d20aad3c00bcef049cb40049f7f196e0397f1109dba6fed63267b0 \
    --hash=sha256:ce581db493ea1a96c0556360ede6607496e8bf9b3a8efa66e06477267bc831e9 \
    --hash=sha256:d0f23b44f57077c1ede8c5f26b30f706498b4862d3ff0a7298b8411dd2f043ff \
    --hash=sha256:d21644de1b609825ede2f48be98dfde4656aefc713654eeee280e37cadc4e0ad \
    --hash=sha256:d6889ec4ec662a1a37eb4b4fb26b6100841804dac55bd9df579e326cdc146227 \
    --hash=sha256:de5672f4a7b200c15a4127042170a694d4df43c992948f5e1af57f0174beed10 \
    --hash=sha256:e6a0bc88393d65807d751a614207b7129a310ca4fe76a74e5c7da5fa5671417e \
    --hash=sha256:ed89927b86296067b4f81f108a2271d8926467a8868e554eaf370fc27fa3ccaf \
    --hash=sha256:ee3888d9ff7c14604052b2ca5535a30216aa0a58e948cdd3eeb8d3415f638769 \
    --hash=sha256:f0963b55cdd70fad460fa4c1341f12f976bb26cb66021a5580329bd498988310 \
    --hash=sha256:f16417ec91f12f814b10bafe79ef77e70113a2f5f7018640e7425ff979253425 \
    --hash=sha256:f28620fe26bee16243be2b7b874da327312240a7cdc38b769a697578d2100013 \
    --hash=sha256:f4255143f5160d0de972d28c8f9665d882b5f61309d8362fdd3e103cf7bf010c \
    --hash=sha256:ffac52f28a7849ad7576293c0cb7b9f08304e8f7d738a8cb8a90ec4c55a998eb \
    --hash=sha256:ffe22d2b05504f786c867c8395de703937f934272eb67586817b46188b4ded6d \
    --hash=sha256:fffe29a1ef00883599d1dc2c51aa2e5d80afe49523c261a74933df395c15c520
    # via
    #   -r configs/product_a_v2_8_4_scientific_requirements.in
    #   pandas
    #   rasterio
    #   scikit-learn
    #   scipy
packaging==26.3 \
    --hash=sha256:94edc256424af38762eb31306eed28beb9f0efc50a8837492c9d6fd6004aed79 \
    --hash=sha256:d7193f7c8e4e93f444fde0262bf90af30e16fa0ad0ad44cb553c87339b23cd1c
    # via pytest
pandas==2.2.3 \
    --hash=sha256:062309c1b9ea12a50e8ce661145c6aab431b1e99530d3cd60640e255778bd43a \
    --hash=sha256:15c0e1e02e93116177d29ff83e8b1619c93ddc9c49083f237d4312337a61165d \
    --hash=sha256:1948ddde24197a0f7add2bdc4ca83bf2b1ef84a1bc8ccffd95eda17fd836ecb5 \
    --hash=sha256:1db71525a1538b30142094edb9adc10be3f3e176748cd7acc2240c2f2e5aa3a4 \
    --hash=sha256:22a9d949bfc9a502d320aa04e5d02feab689d61da4e7764b62c30b991c42c5f0 \
    --hash=sha256:29401dbfa9ad77319367d36940cd8a0b3a11aba16063e39632d98b0e931ddf32 \
    --hash=sha256:31d0ced62d4ea3e231a9f228366919a5ea0b07440d9d4dac345376fd8e1477ea \
    --hash=sha256:3508d914817e153ad359d7e069d752cdd736a247c322d932eb89e6bc84217f28 \
    --hash=sha256:37e0aced3e8f539eccf2e099f65cdb9c8aa85109b0be6e93e2baff94264bdc6f \
    --hash=sha256:381175499d3802cde0eabbaf6324cce0c4f5d52ca6f8c377c29ad442f50f6348 \
    --hash=sha256:38cf8125c40dae9d5acc10fa66af8ea6fdf760b2714ee482ca691fc66e6fcb18 \
    --hash=sha256:3b71f27954685ee685317063bf13c7709a7ba74fc996b84fc6821c59b0f06468 \
    --hash=sha256:3fc6873a41186404dad67245896a6e440baacc92f5b716ccd1bc9ed2995ab2c5 \
    --hash=sha256:4850ba03528b6dd51d6c5d273c46f183f39a9baf3f0143e566b89450965b105e \
    --hash=sha256:4f18ba62b61d7e192368b84517265a99b4d7ee8912f8708660fb4a366cc82667 \
    --hash=sha256:56534ce0746a58afaf7942ba4863e0ef81c9c50d3f0ae93e9497d6a41a057645 \
    --hash=sha256:59ef3764d0fe818125a5097d2ae867ca3fa64df032331b7e0917cf5d7bf66b13 \
    --hash=sha256:5dbca4c1acd72e8eeef4753eeca07de9b1db4f398669d5994086f788a5d7cc30 \
    --hash=sha256:5de54125a92bb4d1c051c0659e6fcb75256bf799a732a87184e5ea503965bce3 \
    --hash=sha256:61c5ad4043f791b61dd4752191d9f07f0ae412515d59ba8f005832a532f8736d \
    --hash=sha256:6374c452ff3ec675a8f46fd9ab25c4ad0ba590b71cf0656f8b6daa5202bca3fb \
    --hash=sha256:63cc132e40a2e084cf01adf0775b15ac515ba905d7dcca47e9a251819c575ef3 \
    --hash=sha256:66108071e1b935240e74525006034333f98bcdb87ea116de573a6a0dccb6c039 \
    --hash=sha256:6dfcb5ee8d4d50c06a51c2fffa6cff6272098ad6540aed1a76d15fb9318194d8 \
    --hash=sha256:7c2875855b0ff77b2a64a0365e24455d9990730d6431b9e0ee18ad8acee13dbd \
    --hash=sha256:7eee9e7cea6adf3e3d24e304ac6b8300646e2a5d1cd3a3c2abed9101b0846761 \
    --hash=sha256:800250ecdadb6d9c78eae4990da62743b857b470883fa27f652db8bdde7f6659 \
    --hash=sha256:86976a1c5b25ae3f8ccae3a5306e443569ee3c3faf444dfd0f41cda24667ad57 \
    --hash=sha256:8cd6d7cc958a3910f934ea8dbdf17b2364827bb4dafc38ce6eef6bb3d65ff09c \
    --hash=sha256:99df71520d25fade9db7c1076ac94eb994f4d2673ef2aa2e86ee039b6746d20c \
    --hash=sha256:a5a1595fe639f5988ba6a8e5bc9649af3baf26df3998a0abe56c02609392e0a4 \
    --hash=sha256:ad5b65698ab28ed8d7f18790a0dc58005c7629f227be9ecc1072aa74c0c1d43a \
    --hash=sha256:b1d432e8d08679a40e2a6d8b2f9770a5c21793a6f9f47fdd52c5ce1948a5a8a9 \
    --hash=sha256:b8661b0238a69d7aafe156b7fa86c44b881387509653fdf857bebc5e4008ad42 \
    --hash=sha256:ba96630bc17c875161df3818780af30e43be9b166ce51c9a18c1feae342906c2 \
    --hash=sha256:bc6b93f9b966093cb0fd62ff1a7e4c09e6d546ad7c1de191767baffc57628f39 \
    --hash=sha256:c124333816c3a9b03fbeef3a9f230ba9a737e9e5bb4060aa2107a86cc0a497fc \
    --hash=sha256:cd8d0c3be0515c12fed0bdbae072551c8b54b7192c7b1fda0ba56059a0179698 \
    --hash=sha256:d9c45366def9a3dd85a6454c0e7908f2b3b8e9c138f5dc38fed7ce720d8453ed \
    --hash=sha256:f00d1345d84d8c86a63e476bb4955e46458b304b9575dcf71102b5c705320015 \
    --hash=sha256:f3a255b2c19987fbbe62a9dfd6cff7ff2aa9ccab3fc75218fd4b7530f01efa24 \
    --hash=sha256:fffb8ae78d8af97f849404f21411c95062db1496aeb3e56f146f0355c9989319
    # via -r configs/product_a_v2_8_4_scientific_requirements.in
pluggy==1.6.0 \
    --hash=sha256:7dcc130b76258d33b90f61b658791dede3486c3e6bfb003ee5c9bfb396dd22f3 \
    --hash=sha256:e920276dd6813095e9377c0bc5566d94c932c33b27a3e3945d8389c374dd4746
    # via pytest
pyarrow==21.0.0 \
    --hash=sha256:067c66ca29aaedae08218569a114e413b26e742171f526e828e1064fcdec13f4 \
    --hash=sha256:072116f65604b822a7f22945a7a6e581cfa28e3454fdcc6939d4ff6090126623 \
    --hash=sha256:0c4e75d13eb76295a49e0ea056eb18dbd87d81450bfeb8afa19a7e5a75ae2ad7 \
    --hash=sha256:186aa00bca62139f75b7de8420f745f2af12941595bbbfa7ed3870ff63e25636 \
    --hash=sha256:1e005378c4a2c6db3ada3ad4c217b381f6c886f0a80d6a316fe586b90f77efd7 \
    --hash=sha256:203003786c9fd253ebcafa44b03c06983c9c8d06c3145e37f1b76a1f317aeae1 \
    --hash=sha256:222c39e2c70113543982c6b34f3077962b44fca38c0bd9e68bb6781534425c10 \
    --hash=sha256:26bfd95f6bff443ceae63c65dc7e048670b7e98bc892210acba7e4995d3d4b51 \
    --hash=sha256:3a302f0e0963db37e0a24a70c56cf91a4faa0bca51c23812279ca2e23481fccd \
    --hash=sha256:3a81486adc665c7eb1a2bde0224cfca6ceaba344a82a971ef059678417880eb8 \
    --hash=sha256:3b4d97e297741796fead24867a8dabf86c87e4584ccc03167e4a811f50fdf74d \
    --hash=sha256:40ebfcb54a4f11bcde86bc586cbd0272bac0d516cfa539c799c2453768477569 \
    --hash=sha256:479ee41399fcddc46159a551705b89c05f11e8b8cb8e968f7fec64f62d91985e \
    --hash=sha256:5051f2dccf0e283ff56335760cbc8622cf52264d67e359d5569541ac11b6d5bc \
    --hash=sha256:555ca6935b2cbca2c0e932bedd853e9bc523098c39636de9ad4693b5b1df86d6 \
    --hash=sha256:585e7224f21124dd57836b1530ac8f2df2afc43c861d7bf3d58a4870c42ae36c \
    --hash=sha256:58c30a1729f82d201627c173d91bd431db88ea74dcaa3885855bc6203e433b82 \
    --hash=sha256:6299449adf89df38537837487a4f8d3bd91ec94354fdd2a7d30bc11c48ef6e79 \
    --hash=sha256:65f8e85f79031449ec8706b74504a316805217b35b6099155dd7e227eef0d4b6 \
    --hash=sha256:689f448066781856237eca8d1975b98cace19b8dd2ab6145bf49475478bcaa10 \
    --hash=sha256:69cbbdf0631396e9925e048cfa5bce4e8c3d3b41562bbd70c685a8eb53a91e61 \
    --hash=sha256:731c7022587006b755d0bdb27626a1a3bb004bb56b11fb30d98b6c1b4718579d \
    --hash=sha256:7be45519b830f7c24b21d630a31d48bcebfd5d4d7f9d3bdb49da9cdf6d764edb \
    --hash=sha256:898afce396b80fdda05e3086b4256f8677c671f7b1d27a6976fa011d3fd0a86e \
    --hash=sha256:8d58d8497814274d3d20214fbb24abcad2f7e351474357d552a8d53bce70c70e \
    --hash=sha256:9b0b14b49ac10654332a805aedfc0147fb3469cbf8ea951b3d040dab12372594 \
    --hash=sha256:9d9f8bcb4c3be7738add259738abdeddc363de1b80e3310e04067aa1ca596634 \
    --hash=sha256:a7a102574faa3f421141a64c10216e078df467ab9576684d5cd696952546e2da \
    --hash=sha256:a7f6524e3747e35f80744537c78e7302cd41deee8baa668d56d55f77d9c464b3 \
    --hash=sha256:b6b27cf01e243871390474a211a7922bfbe3bda21e39bc9160daf0da3fe48876 \
    --hash=sha256:b7ae0bbdc8c6674259b25bef5d2a1d6af5d39d7200c819cf99e07f7dfef1c51e \
    --hash=sha256:bd04ec08f7f8bd113c55868bd3fc442a9db67c27af098c5f814a3091e71cc61a \
    --hash=sha256:c077f48aab61738c237802836fc3844f85409a46015635198761b0d6a688f87b \
    --hash=sha256:cdc4c17afda4dab2a9c0b79148a43a7f4e1094916b3e18d8975bfd6d6d52241f \
    --hash=sha256:cf56ec8b0a5c8c9d7021d6fd754e688104f9ebebf1bf4449613c9531f5346a18 \
    --hash=sha256:d2fe8e7f3ce329a71b7ddd7498b3cfac0eeb200c2789bd840234f0dc271a8efe \
    --hash=sha256:dc56bc708f2d8ac71bd1dcb927e458c93cec10b98eb4120206a4091db7b67b99 \
    --hash=sha256:e563271e2c5ff4d4a4cbeb2c83d5cf0d4938b891518e676025f7268c6fe5fe26 \
    --hash=sha256:e72a8ec6b868e258a2cd2672d91f2860ad532d590ce94cdf7d5e7ec674ccf03d \
    --hash=sha256:e99310a4ebd4479bcd1964dff9e14af33746300cb014aa4a3781738ac63baf4a \
    --hash=sha256:f522e5709379d72fb3da7785aa489ff0bb87448a9dc5a75f45763a795a089ebd \
    --hash=sha256:fc0d2f88b81dcf3ccf9a6ae17f89183762c8a94a5bdcfa09e05cfe413acf0503 \
    --hash=sha256:fee33b0ca46f4c85443d6c450357101e47d53e6c3f008d658c27a2d020d44c79
    # via -r configs/product_a_v2_8_4_scientific_requirements.in
pygments==2.21.0 \
    --hash=sha256:2363c69b61c4a97c838da3b130dcd6468f4848992b21a82f2a63ec34377137d9 \
    --hash=sha256:610ca751c9bc2492b38eb9a38a7fbc93edbbb2d7182edaf34e66ae493dee5c8c
    # via pytest
pyparsing==3.3.2 \
    --hash=sha256:850ba148bd908d7e2411587e247a1e4f0327839c40e2e5e6d05a007ecc69911d \
    --hash=sha256:c777f4d763f140633dcb6d8a3eda953bf7a214dc4eff598413c070bcdc117cbc
    # via rasterio
pytest==8.4.2 \
    --hash=sha256:86c0d0b93306b961d58d62a4db4879f27fe25513d4b969df351abdddb3c30e01 \
    --hash=sha256:872f880de3fc3a5bdc88a11b39c9710c3497a547cfa9320bc3c5e62fbf272e79
    # via -r configs/product_a_v2_8_4_scientific_requirements.in
python-dateutil==2.9.0.post0 \
    --hash=sha256:37dd54208da7e1cd875388217d5e00ebd4179249f90fb72437e91a35459a0ad3 \
    --hash=sha256:a8b2bc7bffae282281c8140a97d3aa9c14da0b136dfe83f850eea9a5f7470427
    # via pandas
pytz==2026.3.post1 \
    --hash=sha256:2211d3fcf9a797d3405cac96ac7f61d80e6a644f72a3309607282fe8a2010c5d \
    --hash=sha256:dd95840dd199baea12d9cc096a1d452caa6596a1c1e4b5f3dbd1541855d5e815
    # via pandas
rasterio==1.5.1 \
    --hash=sha256:00c78697cb565e97f99deb485fc7f23f28ff30e857124872ef0c5a3e83dd7e47 \
    --hash=sha256:01f927ee7ef08cbc111b34092df266308fd2c64fad2e21a97c991973eb8e0c25 \
    --hash=sha256:0898355908ed3614ba1415532432cf4a1a308b189b2c9d8307a26a44bcb1713b \
    --hash=sha256:11e2e9c68971beeec603c2613fa7740cf0a02dd026ef1aaa75d1cdf4246fbde6 \
    --hash=sha256:3aa1a3441587341b78558b5359aa5d2694b45a911d7b5df23af726420e420bce \
    --hash=sha256:546ca44c4417772a48c5224b037f10330a75cde74b429f07ac43838e20f9b2c9 \
    --hash=sha256:55e18b8a6a7f4a9769942d48a1545c5a97920cf841fe5e4099032ba855bdf95c \
    --hash=sha256:5933e56b15ef29fcbec370a2e0b5ac39b33023d85a3f5b01cdf0cbe4231c6204 \
    --hash=sha256:5ff9db698a88e716254fb0788768f75d7b58532c8253674261fa05abd40f621e \
    --hash=sha256:60d74d11f290510639046c447256085eae0a925acdfe07e37f7436fb97cb9f46 \
    --hash=sha256:6fbafe970d44ec06179c7884cdb160a90311e3d19da25bff970fab06123f0201 \
    --hash=sha256:821d49afd18498fb0918b72961b1b667193c64edf8cc484081c522d10b33980d \
    --hash=sha256:82719d4de76f3bafb165e932ad997b07116aa08621db079750ef1031dc514e11 \
    --hash=sha256:833511f045ca49dafbf25da4762a0b19dcf5d046ded8b318c094363e2d65f474 \
    --hash=sha256:8683074903018918341908e714f792ed5d696bad441ecec1787de8eb896573cd \
    --hash=sha256:9093a9277559ac0f954d9a0266886bc4037e3ffd7a40837f6ea6486a96c8c258 \
    --hash=sha256:937944c445d4ea4d6969e9dbfcf305143c05fc4df2f8fadfa360cb2d0f65d7b0 \
    --hash=sha256:94ae0fe4c0eb031da99614a1a1cd27819f900f86bc84976cd9f713eee05584a3 \
    --hash=sha256:a270366c4f44f7bb4367d7068b6de08c56b2b04049e3dfcd06d451141fee3a7f \
    --hash=sha256:a685d2e97684b275b12859f9e0b95a8f511a51a2ac51b284428c6f50f1bcfd17 \
    --hash=sha256:ac450a2c1e6de990eaaee347ebceca160b1531c9f13c5db489d0e3113ea13984 \
    --hash=sha256:b117209922784ef7948f702a0e9eb26be744f4b24d31f5eb97c45c0f04e2e4c3 \
    --hash=sha256:b3686865af2c67114f5dfb67df483db61bccad4078083a3dad481ea035e5d701 \
    --hash=sha256:bf5d2cf43791651522fedb284cc08398f96fecc018dff24d7fc97965c909ab3a \
    --hash=sha256:c0cd79ed52481d55395f1d3def075ff45173ed07ccd238fddeb0c63522b3d137 \
    --hash=sha256:c1b6ae15f4ccad704f1fe8417da5c2250145c7bcdb91acb53833bf5aefdd9e48 \
    --hash=sha256:c209e670abf0f30695a784c4f0170366462b9a3eaea3e49122ab2ce81799460b \
    --hash=sha256:c361ed93cb8ceb314bf42d98815f2b6dd0254f7367d2b932435a8cf0aeaecf96 \
    --hash=sha256:c8702772d6e91c0578d84af88de7d4926c48b0b6eca33d0660e90d7f37c06bf1 \
    --hash=sha256:d8064e9b2820c3f1027399f410d8cdbfb57bdedfad46e5381afb527a9b6f74a2 \
    --hash=sha256:e31b65231a631b0b59471aeae4423167d42f88da0c5ee5a519dc07deb7a4666b \
    --hash=sha256:e4ea970d39f0b134fc91141d767b3c49bc2dea38a32f0b036fbdd5ec2e8ca457 \
    --hash=sha256:e863b614cadad435a4394792b6cdc84324b15197629ad5a20c8d56cbc4eeff92 \
    --hash=sha256:ee01dc4b114a21078af87da916816c6c62ba5b5d216725f148ae695ef4deebf2 \
    --hash=sha256:fbb933659035f0aca32e4dc0dc022c7162b4f6598b15366c5b19b4a7e65c1991
    # via -r configs/product_a_v2_8_4_geo_requirements.in
scikit-learn==1.8.0 \
    --hash=sha256:00d6f1d66fbcf4eba6e356e1420d33cc06c70a45bb1363cd6f6a8e4ebbbdece2 \
    --hash=sha256:0d6ae97234d5d7079dc0040990a6f7aeb97cb7fa7e8945f1999a429b23569e0a \
    --hash=sha256:146b4d36f800c013d267b29168813f7a03a43ecd2895d04861f1240b564421da \
    --hash=sha256:15fc3b5d19cc2be65404786857f2e13c70c83dd4782676dd6814e3b89dc8f5b9 \
    --hash=sha256:2838551e011a64e3053ad7618dda9310175f7515f1742fa2d756f7c874c05961 \
    --hash=sha256:29ffc74089f3d5e87dfca4c2c8450f88bdc61b0fc6ed5d267f3988f19a1309f6 \
    --hash=sha256:2de443b9373b3b615aec1bb57f9baa6bb3a9bd093f1269ba95c17d870422b271 \
    --hash=sha256:35c007dedb2ffe38fe3ee7d201ebac4a2deccd2408e8621d53067733e3c74809 \
    --hash=sha256:3bad7565bc9cf37ce19a7c0d107742b320c1285df7aab1a6e2d28780df167242 \
    --hash=sha256:4496bb2cf7a43ce1a2d7524a79e40bc5da45cf598dbf9545b7e8316ccba47bb4 \
    --hash=sha256:4511be56637e46c25721e83d1a9cea9614e7badc7040c4d573d75fbe257d6fd7 \
    --hash=sha256:5025ce924beccb28298246e589c691fe1b8c1c96507e6d27d12c5fadd85bfd76 \
    --hash=sha256:56079a99c20d230e873ea40753102102734c5953366972a71d5cb39a32bc40c6 \
    --hash=sha256:5e30adb87f0cc81c7690a84f7932dd66be5bac57cfe16b91cb9151683a4a2d3b \
    --hash=sha256:5fb63362b5a7ddab88e52b6dbb47dac3fd7dafeee740dc6c8d8a446ddedade8e \
    --hash=sha256:6b595b07a03069a2b1740dc08c2299993850ea81cce4fe19b2421e0c970de6b7 \
    --hash=sha256:72358cce49465d140cc4e7792015bb1f0296a9742d5622c67e31399b75468b9e \
    --hash=sha256:74b66d8689d52ed04c271e1329f0c61635bcaf5b926db9b12d58914cdc01fe57 \
    --hash=sha256:7cc267b6108f0a1499a734167282c00c4ebf61328566b55ef262d48e9849c735 \
    --hash=sha256:80832434a6cc114f5219211eec13dcbc16c2bac0e31ef64c6d346cde3cf054cb \
    --hash=sha256:8c497fff237d7b4e07e9ef1a640887fa4fb765647f86fbe00f969ff6280ce2bb \
    --hash=sha256:8fdf95767f989b0cfedb85f7ed8ca215d4be728031f56ff5a519ee1e3276dc2e \
    --hash=sha256:9bccbb3b40e3de10351f8f5068e105d0f4083b1a65fa07b6634fbc401a6287fd \
    --hash=sha256:a0bcfe4d0d14aec44921545fd2af2338c7471de9cb701f1da4c9d85906ab847a \
    --hash=sha256:a69525355a641bf8ef136a7fa447672fb54fe8d60cab5538d9eb7c6438543fb9 \
    --hash=sha256:ada8121bcb4dac28d930febc791a69f7cb1673c8495e5eee274190b73a4559c1 \
    --hash=sha256:bf97c10a3f5a7543f9b88cbf488d33d175e9146115a451ae34568597ba33dcde \
    --hash=sha256:c22a2da7a198c28dd1a6e1136f19c830beab7fdca5b3e5c8bba8394f8a5c45b3 \
    --hash=sha256:c2656924ec73e5939c76ac4c8b026fc203b83d8900362eb2599d8aee80e4880f \
    --hash=sha256:c57b1b610bd1f40ba43970e11ce62821c2e6569e4d74023db19c6b26f246cb3b \
    --hash=sha256:eddde82a035681427cbedded4e6eff5e57fa59216c2e3e90b10b19ab1d0a65c3 \
    --hash=sha256:edec98c5e7c128328124a029bceb09eda2d526997780fef8d65e9a69eead963e \
    --hash=sha256:ee787491dbfe082d9c3013f01f5991658b0f38aa8177e4cd4bf434c58f551702 \
    --hash=sha256:f28dd15c6bb0b66ba09728cf09fd8736c304be29409bd8445a080c1280619e8c \
    --hash=sha256:f984ca4b14914e6b4094c5d52a32ea16b49832c03bd17a110f004db3c223e8e1 \
    --hash=sha256:fb65db5d7531bccf3a4f6bec3462223bea71384e2cda41da0f10b7c292b9e7c4 \
    --hash=sha256:fe1c011a640a9f0791146011dfd3c7d9669785f9fed2b2a5f9e207536cf5c2fd
    # via -r configs/product_a_v2_8_4_scientific_requirements.in
scipy==1.17.0 \
    --hash=sha256:00fb5f8ec8398ad90215008d8b6009c9db9fa924fd4c7d6be307c6f945f9cd73 \
    --hash=sha256:031121914e295d9791319a1875444d55079885bbae5bdc9c5e0f2ee5f09d34ff \
    --hash=sha256:0937a0b0d8d593a198cededd4c439a0ea216a3f36653901ea1f3e4be949056f8 \
    --hash=sha256:0cf46c8013fec9d3694dc572f0b54100c28405d55d3e2cb15e2895b25057996e \
    --hash=sha256:0d5018a57c24cb1dd828bcf51d7b10e65986d549f52ef5adb6b4d1ded3e32a57 \
    --hash=sha256:130d12926ae34399d157de777472bf82e9061c60cc081372b3118edacafe1d00 \
    --hash=sha256:13c4096ac6bc31d706018f06a49abe0485f96499deb82066b94d19b02f664209 \
    --hash=sha256:13e861634a2c480bd237deb69333ac79ea1941b94568d4b0efa5db5e263d4fd1 \
    --hash=sha256:1f9586a58039d7229ce77b52f8472c972448cded5736eaf102d5658bbac4c269 \
    --hash=sha256:1ff269abf702f6c7e67a4b7aad981d42871a11b9dd83c58d2d2ea624efbd1088 \
    --hash=sha256:255c0da161bd7b32a6c898e7891509e8a9289f0b1c6c7d96142ee0d2b114c2ea \
    --hash=sha256:2591060c8e648d8b96439e111ac41fd8342fdeff1876be2e19dea3fe8930454e \
    --hash=sha256:272a9f16d6bb4667e8b50d25d71eddcc2158a214df1b566319298de0939d2ab7 \
    --hash=sha256:2abd71643797bd8a106dff97894ff7869eeeb0af0f7a5ce02e4227c6a2e9d6fd \
    --hash=sha256:2b531f57e09c946f56ad0b4a3b2abee778789097871fc541e267d2eca081cff1 \
    --hash=sha256:30509da9dbec1c2ed8f168b8d8aa853bc6723fede1dbc23c7d43a56f5ab72a67 \
    --hash=sha256:33af70d040e8af9d5e7a38b5ed3b772adddd281e3062ff23fec49e49681c38cf \
    --hash=sha256:357ca001c6e37601066092e7c89cca2f1ce74e2a520ca78d063a6d2201101df2 \
    --hash=sha256:3625c631a7acd7cfd929e4e31d2582cf00f42fcf06011f59281271746d77e061 \
    --hash=sha256:363ad4ae2853d88ebcde3ae6ec46ccca903ea9835ee8ba543f12f575e7b07e4e \
    --hash=sha256:40052543f7bbe921df4408f46003d6f01c6af109b9e2c8a66dd1cf6cf57f7d5d \
    --hash=sha256:423ca1f6584fc03936972b5f7c06961670dbba9f234e71676a7c7ccf938a0d61 \
    --hash=sha256:474da16199f6af66601a01546144922ce402cb17362e07d82f5a6cf8f963e449 \
    --hash=sha256:4e00562e519c09da34c31685f6acc3aa384d4d50604db0f245c14e1b4488bfa2 \
    --hash=sha256:5194c445d0a1c7a6c1a4a4681b6b7c71baad98ff66d96b949097e7513c9d6742 \
    --hash=sha256:5fb10d17e649e1446410895639f3385fd2bf4c3c7dfc9bea937bddcbc3d7b9ba \
    --hash=sha256:65ec32f3d32dfc48c72df4291345dae4f048749bc8d5203ee0a3f347f96c5ce6 \
    --hash=sha256:6680f2dfd4f6182e7d6db161344537da644d1cf85cf293f015c60a17ecf08752 \
    --hash=sha256:6e886000eb4919eae3a44f035e63f0fd8b651234117e8f6f29bad1cd26e7bc45 \
    --hash=sha256:7204fddcbec2fe6598f1c5fdf027e9f259106d05202a959a9f1aecf036adc9f6 \
    --hash=sha256:819fc26862b4b3c73a60d486dbb919202f3d6d98c87cf20c223511429f2d1a97 \
    --hash=sha256:8547e7c57f932e7354a2319fab613981cde910631979f74c9b542bb167a8b9db \
    --hash=sha256:85b0ac3ad17fa3be50abd7e69d583d98792d7edc08367e01445a1e2076005379 \
    --hash=sha256:87b411e42b425b84777718cc41516b8a7e0795abfa8e8e1d573bf0ef014f0812 \
    --hash=sha256:88c22af9e5d5a4f9e027e26772cc7b5922fab8bcc839edb3ae33de404feebd9e \
    --hash=sha256:9244608d27eafe02b20558523ba57f15c689357c85bdcfe920b1828750aa26eb \
    --hash=sha256:979c3a0ff8e5ba254d45d59ebd38cde48fce4f10b5125c680c7a4bfe177aab07 \
    --hash=sha256:9eeb9b5f5997f75507814ed9d298ab23f62cf79f5a3ef90031b1ee2506abdb5b \
    --hash=sha256:9fad7d3578c877d606b1150135c2639e9de9cecd3705caa37b66862977cc3e72 \
    --hash=sha256:a38c3337e00be6fd8a95b4ed66b5d988bac4ec888fd922c2ea9fe5fb1603dd67 \
    --hash=sha256:aabf057c632798832f071a8dde013c2e26284043934f53b00489f1773b33527e \
    --hash=sha256:c17514d11b78be8f7e6331b983a65a7f5ca1fd037b95e27b280921fe5606286a \
    --hash=sha256:c5e8647f60679790c2f5c76be17e2e9247dc6b98ad0d3b065861e082c56e078d \
    --hash=sha256:cacbaddd91fcffde703934897c5cd2c7cb0371fac195d383f4e1f1c5d3f3bd04 \
    --hash=sha256:d7425fcafbc09a03731e1bc05581f5fad988e48c6a861f441b7ab729a49a55ea \
    --hash=sha256:dac97a27520d66c12a34fd90a4fe65f43766c18c0d6e1c0a80f114d2260080e4 \
    --hash=sha256:dbf133ced83889583156566d2bdf7a07ff89228fe0c0cb727f777de92092ec6b \
    --hash=sha256:e8c0b331c2c1f531eb51f1b4fc9ba709521a712cce58f1aa627bc007421a5306 \
    --hash=sha256:eb2651271135154aa24f6481cbae5cc8af1f0dd46e6533fb7b56aa9727b6a232 \
    --hash=sha256:ebb7446a39b3ae0fe8f416a9a3fdc6fba3f11c634f680f16a239c5187bc487c0 \
    --hash=sha256:ec0827aa4d36cb79ff1b81de898e948a51ac0b9b1c43e4a372c0508c38c0f9a3 \
    --hash=sha256:edce1a1cf66298cccdc48a1bdf8fb10a3bf58e8b58d6c3883dd1530e103f87c0 \
    --hash=sha256:eec3842ec9ac9de5917899b277428886042a93db0b227ebbe3a333b64ec7643d \
    --hash=sha256:ef28d815f4d2686503e5f4f00edc387ae58dfd7a2f42e348bb53359538f01558 \
    --hash=sha256:f2a4942b0f5f7c23c7cd641a0ca1955e2ae83dedcff537e3a0259096635e186b \
    --hash=sha256:f3cd947f20fe17013d401b64e857c6b2da83cae567adbb75b9dcba865abc66d8 \
    --hash=sha256:f603d8a5518c7426414d1d8f82e253e454471de682ce5e39c29adb0df1efb86b \
    --hash=sha256:f7df7941d71314e60a481e02d5ebcb3f0185b8d799c70d03d8258f6c80f3d467 \
    --hash=sha256:f9eb55bb97d00f8b7ab95cb64f873eb0bf54d9446264d9f3609130381233483f \
    --hash=sha256:fc02c37a5639ee67d8fb646ffded6d793c06c5622d36b35cfa8fe5ececb8f042 \
    --hash=sha256:fe508b5690e9eaaa9467fc047f833af58f1152ae51a0d0aed67aa5801f4dd7d6
    # via
    #   -r configs/product_a_v2_8_4_scientific_requirements.in
    #   scikit-learn
six==1.17.0 \
    --hash=sha256:4721f391ed90541fddacab5acf947aa0d3dc7d27b2e1e8eda2be8970586c3274 \
    --hash=sha256:ff70335d468e7eb6ec65b95b99d3a2836546063f63acc5171de367e834932a81
    # via python-dateutil
threadpoolctl==3.6.0 \
    --hash=sha256:43a0b8fd5a2928500110039e43a5eed8480b918967083ea48dc3ab9f13c4a7fb \
    --hash=sha256:8ab8b4aa3491d812b623328249fab5302a68d2d71745c8a4c719a2fcaba9f44e
    # via scikit-learn
tzdata==2026.3 \
    --hash=sha256:4a1518b8993086a7982523e071643f3c0e5f213e75b21318e78bcabfff9d1415 \
    --hash=sha256:dc096730c87af6cab1b171c9d532be840741ff5d459015e7f6947bd7d7e54931
    # via pandas
