program=sdmr-v5-standardization-postterminal-development-v1
cohort=frozen_final50_first10_selection_rank
source_model_pool_run=37613738626
source_feature_run=37545674411
source_occurrence_run=37305740628
training_only_standardization=true
original_v5_promotion=failed_closed
sealed_answer_check_access=false
replay_retry=occurrence_variable_fix_and_full_probe_smoke
baseline_replay_repair=original_role_process_predictor_sort_and_numeric_package_versions
